// !$*UTF8*$!
{
	archiveVersion = 1;
	classes = {
	};
	objectVersion = 50;
	objects = {

/* Begin PBXBuildFile section */
		1584774D2200798100CA5BE9 /* ucspUser.cpp in Sources */ = {isa = PBXBuildFile; fileRef = 158477462200798000CA5BE9 /* ucspUser.cpp */; };
		1584774E2200798100CA5BE9 /* assembly.s in Sources */ = {isa = PBXBuildFile; fileRef = 158477472200798000CA5BE9 /* assembly.s */; };
		1584774F2200798100CA5BE9 /* main.mm in Sources */ = {isa = PBXBuildFile; fileRef = 158477482200798000CA5BE9 /* main.mm */; };
		158477502200798100CA5BE9 /* securityd.cpp in Sources */ = {isa = PBXBuildFile; fileRef = 158477492200798000CA5BE9 /* securityd.cpp */; };
		15847754220079BA00CA5BE9 /* Security.framework in Frameworks */ = {isa = PBXBuildFile; fileRef = 15847753220079BA00CA5BE9 /* Security.framework */; };
/* End PBXBuildFile section */

/* Begin PBXCopyFilesBuildPhase section */
		158477362200788900CA5BE9 /* CopyFiles */ = {
			isa = PBXCopyFilesBuildPhase;
			buildActionMask = 2147483647;
			dstPath = /usr/share/man/man1/;
			dstSubfolderSpec = 0;
			files = (
			);
			runOnlyForDeploymentPostprocessing = 1;
		};
/* End PBXCopyFilesBuildPhase section */

/* Begin PBXFileReference section */
		158477382200788900CA5BE9 /* keystealDaemon */ = {isa = PBXFileReference; explicitFileType = "compiled.mach-o.executable"; includeInIndex = 0; path = keystealDaemon; sourceTree = BUILT_PRODUCTS_DIR; };
		158477422200798000CA5BE9 /* handletypes.h */ = {isa = PBXFileReference; fileEncoding = 4; lastKnownFileType = sourcecode.c.h; path = handletypes.h; sourceTree = "<group>"; };
		158477432200798000CA5BE9 /* ucsp_types.h */ = {isa = PBXFileReference; fileEncoding = 4; lastKnownFileType = sourcecode.c.h; path = ucsp_types.h; sourceTree = "<group>"; };
		158477442200798000CA5BE9 /* ss_types.h */ = {isa = PBXFileReference; fileEncoding = 4; lastKnownFileType = sourcecode.c.h; path = ss_types.h; sourceTree = "<group>"; };
		158477452200798000CA5BE9 /* securityd.hpp */ = {isa = PBXFileReference; fileEncoding = 4; lastKnownFileType = sourcecode.cpp.h; path = securityd.hpp; sourceTree = "<group>"; };
		158477462200798000CA5BE9 /* ucspUser.cpp */ = {isa = PBXFileReference; fileEncoding = 4; lastKnownFileType = sourcecode.cpp.cpp; path = ucspUser.cpp; sourceTree = "<group>"; };
		158477472200798000CA5BE9 /* assembly.s */ = {isa = PBXFileReference; fileEncoding = 4; lastKnownFileType = sourcecode.asm; path = assembly.s; sourceTree = "<group>"; };
		158477482200798000CA5BE9 /* main.mm */ = {isa = PBXFileReference; fileEncoding = 4; lastKnownFileType = sourcecode.cpp.objcpp; path = main.mm; sourceTree = "<group>"; };
		158477492200798000CA5BE9 /* securityd.cpp */ = {isa = PBXFileReference; fileEncoding = 4; lastKnownFileType = sourcecode.cpp.cpp; path = securityd.cpp; sourceTree = "<group>"; };
		1584774C2200798100CA5BE9 /* ucsp.hpp */ = {isa = PBXFileReference; fileEncoding = 4; lastKnownFileType = sourcecode.cpp.h; path = ucsp.hpp; sourceTree = "<group>"; };
		15847753220079BA00CA5BE9 /* Security.framework */ = {isa = PBXFileReference; lastKnownFileType = wrapper.framework; name = Security.framework; path = System/Library/Frameworks/Security.framework; sourceTree = SDKROOT; };
/* End PBXFileReference section */

/* Begin PBXFrameworksBuildPhase section */
		158477352200788900CA5BE9 /* Frameworks */ = {
			isa = PBXFrameworksBuildPhase;
			buildActionMask = 2147483647;
			files = (
				15847754220079BA00CA5BE9 /* Security.framework in Frameworks */,
			);
			runOnlyForDeploymentPostprocessing = 0;
		};
/* End PBXFrameworksBuildPhase section */

/* Begin PBXGroup section */
		1584772F2200788900CA5BE9 = {
			isa = PBXGroup;
			children = (
				1584773A2200788900CA5BE9 /* keystealDaemon */,
				158477392200788900CA5BE9 /* Products */,
				15847752220079BA00CA5BE9 /* Frameworks */,
			);
			sourceTree = "<group>";
		};
		158477392200788900CA5BE9 /* Products */ = {
			isa = PBXGroup;
			children = (
				158477382200788900CA5BE9 /* keystealDaemon */,
			);
			name = Products;
			sourceTree = "<group>";
		};
		1584773A2200788900CA5BE9 /* keystealDaemon */ = {
			isa = PBXGroup;
			children = (
				158477482200798000CA5BE9 /* main.mm */,
				158477472200798000CA5BE9 /* assembly.s */,
				158477492200798000CA5BE9 /* securityd.cpp */,
				158477452200798000CA5BE9 /* securityd.hpp */,
				158477422200798000CA5BE9 /* handletypes.h */,
				158477442200798000CA5BE9 /* ss_types.h */,
				158477432200798000CA5BE9 /* ucsp_types.h */,
				1584774C2200798100CA5BE9 /* ucsp.hpp */,
				158477462200798000CA5BE9 /* ucspUser.cpp */,
			);
			path = keystealDaemon;
			sourceTree = "<group>";
		};
		15847752220079BA00CA5BE9 /* Frameworks */ = {
			isa = PBXGroup;
			children = (
				15847753220079BA00CA5BE9 /* Security.framework */,
			);
			name = Frameworks;
			sourceTree = "<group>";
		};
/* End PBXGroup section */

/* Begin PBXNativeTarget section */
		158477372200788900CA5BE9 /* keystealDaemon */ = {
			isa = PBXNativeTarget;
			buildConfigurationList = 1584773F2200788900CA5BE9 /* Build configuration list for PBXNativeTarget "keystealDaemon" */;
			buildPhases = (
				158477342200788900CA5BE9 /* Sources */,
				158477352200788900CA5BE9 /* Frameworks */,
				158477362200788900CA5BE9 /* CopyFiles */,
			);
			buildRules = (
			);
			dependencies = (
			);
			name = keystealDaemon;
			productName = keystealDaemon;
			productReference = 158477382200788900CA5BE9 /* keystealDaemon */;
			productType = "com.apple.product-type.tool";
		};
/* End PBXNativeTarget section */

/* Begin PBXProject section */
		158477302200788900CA5BE9 /* Project object */ = {
			isa = PBXProject;
			attributes = {
				LastUpgradeCheck = 1010;
				ORGANIZATIONNAME = "Linus Henze";
				TargetAttributes = {
					158477372200788900CA5BE9 = {
						CreatedOnToolsVersion = 10.1;
					};
				};
			};
			buildConfigurationList = 158477332200788900CA5BE9 /* Build configuration list for PBXProject "keystealDaemon" */;
			compatibilityVersion = "Xcode 9.3";
			developmentRegion = en;
			hasScannedForEncodings = 0;
			knownRegions = (
				en,
				Base,
			);
			mainGroup = 1584772F2200788900CA5BE9;
			productRefGroup = 158477392200788900CA5BE9 /* Products */;
			projectDirPath = "";
			projectRoot = "";
			targets = (
				158477372200788900CA5BE9 /* keystealDaemon */,
			);
		};
/* End PBXProject section */

/* Begin PBXSourcesBuildPhase section */
		158477342200788900CA5BE9 /* Sources */ = {
			isa = PBXSourcesBuildPhase;
			buildActionMask = 2147483647;
			files = (
				1584774F2200798100CA5BE9 /* main.mm in Sources */,
				158477502200798100CA5BE9 /* securityd.cpp in Sources */,
				1584774D2200798100CA5BE9 /* ucspUser.cpp in Sources */,
				1584774E2200798100CA5BE9 /* assembly.s in Sources */,
			);
			runOnlyForDeploymentPostprocessing = 0;
		};
/* End PBXSourcesBuildPhase section */

/* Begin XCBuildConfiguration section */
		1584773D2200788900CA5BE9 /* Debug */ = {
			isa = XCBuildConfiguration;
			buildSettings = {
				ALWAYS_SEARCH_USER_PATHS = NO;
				CLANG_ANALYZER_NONNULL = YES;
				CLANG_ANALYZER_NUMBER_OBJECT_CONVERSION = YES_AGGRESSIVE;
				CLANG_CXX_LANGUAGE_STANDARD = "gnu++14";
				CLANG_CXX_LIBRARY = "libc++";
				CLANG_ENABLE_MODULES = YES;
				CLANG_ENABLE_OBJC_ARC = YES;
				CLANG_ENABLE_OBJC_WEAK = YES;
				CLANG_WARN_BLOCK_CAPTURE_AUTORELEASING = YES;
				CLANG_WARN_BOOL_CONVERSION = YES;
				CLANG_WARN_COMMA = YES;
				CLANG_WARN_CONSTANT_CONVERSION = YES;
				CLANG_WARN_DEPRECATED_OBJC_IMPLEMENTATIONS = YES;
				CLANG_WARN_DIRECT_OBJC_ISA_USAGE = YES_ERROR;
				CLANG_WARN_DOCUMENTATION_COMMENTS = YES;
				CLANG_WARN_EMPTY_BODY = YES;
				CLANG_WARN_ENUM_CONVERSION = YES;
				CLANG_WARN_INFINITE_RECURSION = YES;
				CLANG_WARN_INT_CONVERSION = YES;
				CLANG_WARN_NON_LITERAL_NULL_CONVERSION = YES;
				CLANG_WARN_OBJC_IMPLICIT_RETAIN_SELF = YES;
				CLANG_WARN_OBJC_LITERAL_CONVERSION = YES;
				CLANG_WARN_OBJC_ROOT_CLASS = YES_ERROR;
				CLANG_WARN_RANGE_LOOP_ANALYSIS = YES;
				CLANG_WARN_STRICT_PROTOTYPES = YES;
				CLANG_WARN_SUSPICIOUS_MOVE = YES;
				CLANG_WARN_UNGUARDED_AVAILABILITY = YES_AGGRESSIVE;
				CLANG_WARN_UNREACHABLE_CODE = YES;
				CLANG_WARN__DUPLICATE_METHOD_MATCH = YES;
				CODE_SIGN_IDENTITY = "-";
				COPY_PHASE_STRIP = NO;
				DEBUG_INFORMATION_FORMAT = dwarf;
				ENABLE_STRICT_OBJC_MSGSEND = YES;
				ENABLE_TESTABILITY = YES;
				GCC_C_LANGUAGE_STANDARD = gnu11;
				GCC_DYNAMIC_NO_PIC = NO;
				GCC_NO_COMMON_BLOCKS = YES;
				GCC_OPTIMIZATION_LEVEL = 0;
				GCC_PREPROCESSOR_DEFINITIONS = (
					"DEBUG=1",
					"$(inherited)",
				);
				GCC_WARN_64_TO_32_BIT_CONVERSION = YES;
				GCC_WARN_ABOUT_RETURN_TYPE = YES_ERROR;
				GCC_WARN_UNDECLARED_SELECTOR = YES;
				GCC_WARN_UNINITIALIZED_AUTOS = YES_AGGRESSIVE;
				GCC_WARN_UNUSED_FUNCTION = YES;
				GCC_WARN_UNUSED_VARIABLE = YES;
				MACOSX_DEPLOYMENT_TARGET = 10.14;
				MTL_ENABLE_DEBUG_INFO = INCLUDE_SOURCE;
				MTL_FAST_MATH = YES;
				ONLY_ACTIVE_ARCH = YES;
				SDKROOT = macosx;
			};
			name = Debug;
		};
		1584773E2200788900CA5BE9 /* Release */ = {
			isa = XCBuildConfiguration;
			buildSettings = {
				ALWAYS_SEARCH_USER_PATHS = NO;
				CLANG_ANALYZER_NONNULL = YES;
				CLANG_ANALYZER_NUMBER_OBJECT_CONVERSION = YES_AGGRESSIVE;
				CLANG_CXX_LANGUAGE_STANDARD = "gnu++14";
				CLANG_CXX_LIBRARY = "libc++";
				CLANG_ENABLE_MODULES = YES;
				CLANG_ENABLE_OBJC_ARC = YES;
				CLANG_ENABLE_OBJC_WEAK = YES;
				CLANG_WARN_BLOCK_CAPTURE_AUTORELEASING = YES;
				CLANG_WARN_BOOL_CONVERSION = YES;
				CLANG_WARN_COMMA = YES;
				CLANG_WARN_CONSTANT_CONVERSION = YES;
				CLANG_WARN_DEPRECATED_OBJC_IMPLEMENTATIONS = YES;
				CLANG_WARN_DIRECT_OBJC_ISA_USAGE = YES_ERROR;
				CLANG_WARN_DOCUMENTATION_COMMENTS = YES;
				CLANG_WARN_EMPTY_BODY = YES;
				CLANG_WARN_ENUM_CONVERSION = YES;
				CLANG_WARN_INFINITE_RECURSION = YES;
				CLANG_WARN_INT_CONVERSION = YES;
				CLANG_WARN_NON_LITERAL_NULL_CONVERSION = YES;
				CLANG_WARN_OBJC_IMPLICIT_RETAIN_SELF = YES;
				CLANG_WARN_OBJC_LITERAL_CONVERSION = YES;
				CLANG_WARN_OBJC_ROOT_CLASS = YES_ERROR;
				CLANG_WARN_RANGE_LOOP_ANALYSIS = YES;
				CLANG_WARN_STRICT_PROTOTYPES = YES;
				CLANG_WARN_SUSPICIOUS_MOVE = YES;
				CLANG_WARN_UNGUARDED_AVAILABILITY = YES_AGGRESSIVE;
				CLANG_WARN_UNREACHABLE_CODE = YES;
				CLANG_WARN__DUPLICATE_METHOD_MATCH = YES;
				CODE_SIGN_IDENTITY = "-";
				COPY_PHASE_STRIP = NO;
				DEBUG_INFORMATION_FORMAT = "dwarf-with-dsym";
				ENABLE_NS_ASSERTIONS = NO;
				ENABLE_STRICT_OBJC_MSGSEND = YES;
				GCC_C_LANGUAGE_STANDARD = gnu11;
				GCC_NO_COMMON_BLOCKS = YES;
				GCC_WARN_64_TO_32_BIT_CONVERSION = YES;
				GCC_WARN_ABOUT_RETURN_TYPE = YES_ERROR;
				GCC_WARN_UNDECLARED_SELECTOR = YES;
				GCC_WARN_UNINITIALIZED_AUTOS = YES_AGGRESSIVE;
				GCC_WARN_UNUSED_FUNCTION = YES;
				GCC_WARN_UNUSED_VARIABLE = YES;
				MACOSX_DEPLOYMENT_TARGET = 10.14;
				MTL_ENABLE_DEBUG_INFO = NO;
				MTL_FAST_MATH = YES;
				SDKROOT = macosx;
			};
			name = Release;
		};
		158477402200788900CA5BE9 /* Debug */ = {
			isa = XCBuildConfiguration;
			buildSettings = {
				CODE_SIGN_STYLE = Automatic;
				COPY_PHASE_STRIP = NO;
				DEPLOYMENT_POSTPROCESSING = YES;
				PRODUCT_NAME = "$(TARGET_NAME)";
			};
			name = Debug;
		};
		158477412200788900CA5BE9 /* Release */ = {
			isa = XCBuildConfiguration;
			buildSettings = {
				CODE_SIGN_STYLE = Automatic;
				COPY_PHASE_STRIP = NO;
				DEBUG_INFORMATION_FORMAT = dwarf;
				DEPLOYMENT_POSTPROCESSING = YES;
				PRODUCT_NAME = "$(TARGET_NAME)";
			};
			name = Release;
		};
/* End XCBuildConfiguration section */

/* Begin XCConfigurationList section */
		158477332200788900CA5BE9 /* Build configuration list for PBXProject "keystealDaemon" */ = {
			isa = XCConfigurationList;
			buildConfigurations = (
				1584773D2200788900CA5BE9 /* Debug */,
				1584773E2200788900CA5BE9 /* Release */,
			);
			defaultConfigurationIsVisible = 0;
			defaultConfigurationName = Release;
		};
		1584773F2200788900CA5BE9 /* Build configuration list for PBXNativeTarget "keystealDaemon" */ = {
			isa = XCConfigurationList;
			buildConfigurations = (
				158477402200788900CA5BE9 /* Debug */,
				158477412200788900CA5BE9 /* Release */,
			);
			defaultConfigurationIsVisible = 0;
			defaultConfigurationName = Release;
		};
/* End XCConfigurationList section */
	};
	rootObject = 158477302200788900CA5BE9 /* Project object */;
}
